{
  "name": "tanbal-utils",
  "version": "1.0.2",
  "lockfileVersion": 3,
  "requires": true,
  "packages": {
    "": {
      "name": "tanbal-utils",
      "version": "1.0.2",
      "license": "MIT",
      "dependencies": {
        "tanbal-persian-date": "^1.0.1"
      }
    },
    "node_modules/tanbal-persian-date": {
      "version": "1.0.1",
      "resolved": "https://registry.npmjs.org/tanbal-persian-date/-/tanbal-persian-date-1.0.1.tgz",
      "integrity": "sha512-oXpiEEfByL9tgroTKa1zWyMpJD2fo/Fkvi4oXNtjnJpOPEVR/acgINqdUWHnNvpMSJdccdib8n6WXzIkd5jecQ==",
      "license": "MIT"
    }
  }
}
